
Microsoft Visual Studio Solution File, Format Version 12.00
# Visual Studio Version 16
VisualStudioVersion = 16.0.30611.23
MinimumVisualStudioVersion = 10.0.40219.1
Project("{9A19103F-16F7-4668-BE54-9A1E7A4F7556}") = "FargoSecurity.Api", "FargoSecurity.Api\FargoSecurity.Api.csproj", "{1E8DC4D4-9DE0-41AE-BA0E-48F066D563DE}"
EndProject
Project("{9A19103F-16F7-4668-BE54-9A1E7A4F7556}") = "FargoSecurity.Api.ClientTest", "FargoSecurity.Api.ClientTest\FargoSecurity.Api.ClientTest.csproj", "{6816BBB8-364A-4D57-B02D-12372D125E52}"
EndProject
Project("{9A19103F-16F7-4668-BE54-9A1E7A4F7556}") = "FargoSecurity.Api.Models", "FargoSecurity.Api.Models\FargoSecurity.Api.Models.csproj", "{E0B8A510-1424-43FB-9A7E-0B7A33D2F170}"
EndProject
Project("{2150E333-8FDC-42A3-9474-1A3956D46DE8}") = "Test", "Test", "{62FA403C-9708-49D4-81D8-C6BD14309FA4}"
EndProject
Global
	GlobalSection(SolutionConfigurationPlatforms) = preSolution
		Debug|Any CPU = Debug|Any CPU
		Release|Any CPU = Release|Any CPU
	EndGlobalSection
	GlobalSection(ProjectConfigurationPlatforms) = postSolution
		{1E8DC4D4-9DE0-41AE-BA0E-48F066D563DE}.Debug|Any CPU.ActiveCfg = Debug|Any CPU
		{1E8DC4D4-9DE0-41AE-BA0E-48F066D563DE}.Debug|Any CPU.Build.0 = Debug|Any CPU
		{1E8DC4D4-9DE0-41AE-BA0E-48F066D563DE}.Release|Any CPU.ActiveCfg = Release|Any CPU
		{1E8DC4D4-9DE0-41AE-BA0E-48F066D563DE}.Release|Any CPU.Build.0 = Release|Any CPU
		{6816BBB8-364A-4D57-B02D-12372D125E52}.Debug|Any CPU.ActiveCfg = Debug|Any CPU
		{6816BBB8-364A-4D57-B02D-12372D125E52}.Debug|Any CPU.Build.0 = Debug|Any CPU
		{6816BBB8-364A-4D57-B02D-12372D125E52}.Release|Any CPU.ActiveCfg = Release|Any CPU
		{6816BBB8-364A-4D57-B02D-12372D125E52}.Release|Any CPU.Build.0 = Release|Any CPU
		{E0B8A510-1424-43FB-9A7E-0B7A33D2F170}.Debug|Any CPU.ActiveCfg = Debug|Any CPU
		{E0B8A510-1424-43FB-9A7E-0B7A33D2F170}.Debug|Any CPU.Build.0 = Debug|Any CPU
		{E0B8A510-1424-43FB-9A7E-0B7A33D2F170}.Release|Any CPU.ActiveCfg = Release|Any CPU
		{E0B8A510-1424-43FB-9A7E-0B7A33D2F170}.Release|Any CPU.Build.0 = Release|Any CPU
	EndGlobalSection
	GlobalSection(SolutionProperties) = preSolution
		HideSolutionNode = FALSE
	EndGlobalSection
	GlobalSection(NestedProjects) = preSolution
		{6816BBB8-364A-4D57-B02D-12372D125E52} = {62FA403C-9708-49D4-81D8-C6BD14309FA4}
	EndGlobalSection
	GlobalSection(ExtensibilityGlobals) = postSolution
		SolutionGuid = {A54130DC-4B88-4F6D-892C-F12BE661E0E2}
	EndGlobalSection
EndGlobal
